
Microsoft Visual Studio Solution File, Format Version 12.00
Project("{FAE04EC0-301F-11D3-BF4B-00C04F79EFBC}") = "BoxesWM", "BoxesWM\BoxesWM.csproj", "{38116496-3E0F-4246-9BF1-04C99306863B}"
EndProject
Project("{FAE04EC0-301F-11D3-BF4B-00C04F79EFBC}") = "Framework", "Framework\Framework.csproj", "{A341AD9D-CA01-4FA8-A329-A6BFC58397E2}"
EndProject
Global
	GlobalSection(SolutionConfigurationPlatforms) = preSolution
		Debug|Any CPU = Debug|Any CPU
		Release|Any CPU = Release|Any CPU
	EndGlobalSection
	GlobalSection(ProjectConfigurationPlatforms) = postSolution
		{38116496-3E0F-4246-9BF1-04C99306863B}.Debug|Any CPU.ActiveCfg = Debug|Any CPU
		{38116496-3E0F-4246-9BF1-04C99306863B}.Debug|Any CPU.Build.0 = Debug|Any CPU
		{38116496-3E0F-4246-9BF1-04C99306863B}.Release|Any CPU.ActiveCfg = Release|Any CPU
		{38116496-3E0F-4246-9BF1-04C99306863B}.Release|Any CPU.Build.0 = Release|Any CPU
		{A341AD9D-CA01-4FA8-A329-A6BFC58397E2}.Debug|Any CPU.ActiveCfg = Debug|Any CPU
		{A341AD9D-CA01-4FA8-A329-A6BFC58397E2}.Debug|Any CPU.Build.0 = Debug|Any CPU
		{A341AD9D-CA01-4FA8-A329-A6BFC58397E2}.Release|Any CPU.ActiveCfg = Release|Any CPU
		{A341AD9D-CA01-4FA8-A329-A6BFC58397E2}.Release|Any CPU.Build.0 = Release|Any CPU
	EndGlobalSection
EndGlobal
